{
  "name": "browsercheck",
  "version": "0.0.1",
  "lockfileVersion": 3,
  "requires": true,
  "packages": {
    "": {
      "name": "browsercheck",
      "version": "0.0.1",
      "devDependencies": {
        "playwright-chromium": "^1.49.0"
      }
    },
    "node_modules/playwright-chromium": {
      "version": "1.57.0",
      "resolved": "https://registry.npmjs.org/playwright-chromium/-/playwright-chromium-1.57.0.tgz",
      "integrity": "sha512-GCVVTbmIDrZuBxWYoQ70rehRXMb3Q7ccENe63a+rGTWwypeVAgh/DD5o5QQ898oer5pdIv3vGINUlEkHtOZQEw==",
      "dev": true,
      "hasInstallScript": true,
      "license": "Apache-2.0",
      "dependencies": {
        "playwright-core": "1.57.0"
      },
      "bin": {
        "playwright": "cli.js"
      },
      "engines": {
        "node": ">=18"
      }
    },
    "node_modules/playwright-core": {
      "version": "1.57.0",
      "resolved": "https://registry.npmjs.org/playwright-core/-/playwright-core-1.57.0.tgz",
      "integrity": "sha512-agTcKlMw/mjBWOnD6kFZttAAGHgi/Nw0CZ2o6JqWSbMlI219lAFLZZCyqByTsvVAJq5XA5H8cA6PrvBRpBWEuQ==",
      "dev": true,
      "license": "Apache-2.0",
      "bin": {
        "playwright-core": "cli.js"
      },
      "engines": {
        "node": ">=18"
      }
    }
  }
}
